<?xml version="1.0" encoding="utf-8"?>
<Project ToolsVersion="4.0" xmlns="http://schemas.microsoft.com/developer/msbuild/2003">
  <ItemGroup>
    <Filter Include="Source Files">
      <UniqueIdentifier>{09a011f1-b68e-4bb5-823f-847f1db95130}</UniqueIdentifier>
      <Extensions>cpp;c;cxx;rc;def;r;odl;idl;hpj;bat</Extensions>
    </Filter>
    <Filter Include="Header Files">
      <UniqueIdentifier>{0f6ffc27-5a14-4319-8d59-30513d61b4f7}</UniqueIdentifier>
      <Extensions>h;hpp;hxx;hm;inl</Extensions>
    </Filter>
  </ItemGroup>
  <ItemGroup>
    <ClCompile Include="..\libs\ilbc\anaFilter.c">
      <Filter>Source Files</Filter>
    </ClCompile>
    <ClCompile Include="..\libs\ilbc\constants.c">
      <Filter>Source Files</Filter>
    </ClCompile>
    <ClCompile Include="..\libs\ilbc\createCB.c">
      <Filter>Source Files</Filter>
    </ClCompile>
    <ClCompile Include="..\libs\ilbc\doCPLC.c">
      <Filter>Source Files</Filter>
    </ClCompile>
    <ClCompile Include="..\libs\ilbc\enhancer.c">
      <Filter>Source Files</Filter>
    </ClCompile>
    <ClCompile Include="..\libs\ilbc\filter.c">
      <Filter>Source Files</Filter>
    </ClCompile>
    <ClCompile Include="..\libs\ilbc\FrameClassify.c">
      <Filter>Source Files</Filter>
    </ClCompile>
    <ClCompile Include="..\libs\ilbc\gainquant.c">
      <Filter>Source Files</Filter>
    </ClCompile>
    <ClCompile Include="..\libs\ilbc\getCBvec.c">
      <Filter>Source Files</Filter>
    </ClCompile>
    <ClCompile Include="..\libs\ilbc\helpfun.c">
      <Filter>Source Files</Filter>
    </ClCompile>
    <ClCompile Include="..\libs\ilbc\hpInput.c">
      <Filter>Source Files</Filter>
    </ClCompile>
    <ClCompile Include="..\libs\ilbc\hpOutput.c">
      <Filter>Source Files</Filter>
    </ClCompile>
    <ClCompile Include="..\libs\ilbc\iCBConstruct.c">
      <Filter>Source Files</Filter>
    </ClCompile>
    <ClCompile Include="..\libs\ilbc\iCBSearch.c">
      <Filter>Source Files</Filter>
    </ClCompile>
    <ClCompile Include="..\libs\ilbc\iLBC_decode.c">
      <Filter>Source Files</Filter>
    </ClCompile>
    <ClCompile Include="..\libs\ilbc\iLBC_encode.c">
      <Filter>Source Files</Filter>
    </ClCompile>
    <ClCompile Include="..\libs\ilbc\LPCdecode.c">
      <Filter>Source Files</Filter>
    </ClCompile>
    <ClCompile Include="..\libs\ilbc\LPCencode.c">
      <Filter>Source Files</Filter>
    </ClCompile>
    <ClCompile Include="..\libs\ilbc\lsf.c">
      <Filter>Source Files</Filter>
    </ClCompile>
    <ClCompile Include="..\libs\ilbc\packing.c">
      <Filter>Source Files</Filter>
    </ClCompile>
    <ClCompile Include="..\libs\ilbc\StateConstructW.c">
      <Filter>Source Files</Filter>
    </ClCompile>
    <ClCompile Include="..\libs\ilbc\StateSearchW.c">
      <Filter>Source Files</Filter>
    </ClCompile>
    <ClCompile Include="..\libs\ilbc\syntFilter.c">
      <Filter>Source Files</Filter>
    </ClCompile>
  </ItemGroup>
  <ItemGroup>
    <ClInclude Include="..\libs\ilbc\anaFilter.h">
      <Filter>Header Files</Filter>
    </ClInclude>
    <ClInclude Include="..\libs\ilbc\constants.h">
      <Filter>Header Files</Filter>
    </ClInclude>
    <ClInclude Include="..\libs\ilbc\createCB.h">
      <Filter>Header Files</Filter>
    </ClInclude>
    <ClInclude Include="..\libs\ilbc\doCPLC.h">
      <Filter>Header Files</Filter>
    </ClInclude>
    <ClInclude Include="..\libs\ilbc\enhancer.h">
      <Filter>Header Files</Filter>
    </ClInclude>
    <ClInclude Include="..\libs\ilbc\filter.h">
      <Filter>Header Files</Filter>
    </ClInclude>
    <ClInclude Include="..\libs\ilbc\FrameClassify.h">
      <Filter>Header Files</Filter>
    </ClInclude>
    <ClInclude Include="..\libs\ilbc\gainquant.h">
      <Filter>Header Files</Filter>
    </ClInclude>
    <ClInclude Include="..\libs\ilbc\getCBvec.h">
      <Filter>Header Files</Filter>
    </ClInclude>
    <ClInclude Include="..\libs\ilbc\helpfun.h">
      <Filter>Header Files</Filter>
    </ClInclude>
    <ClInclude Include="..\libs\ilbc\hpInput.h">
      <Filter>Header Files</Filter>
    </ClInclude>
    <ClInclude Include="..\libs\ilbc\hpOutput.h">
      <Filter>Header Files</Filter>
    </ClInclude>
    <ClInclude Include="..\libs\ilbc\iCBConstruct.h">
      <Filter>Header Files</Filter>
    </ClInclude>
    <ClInclude Include="..\libs\ilbc\iCBSearch.h">
      <Filter>Header Files</Filter>
    </ClInclude>
    <ClInclude Include="..\libs\ilbc\iLBC_decode.h">
      <Filter>Header Files</Filter>
    </ClInclude>
    <ClInclude Include="..\libs\ilbc\iLBC_define.h">
      <Filter>Header Files</Filter>
    </ClInclude>
    <ClInclude Include="..\libs\ilbc\iLBC_encode.h">
      <Filter>Header Files</Filter>
    </ClInclude>
    <ClInclude Include="..\libs\ilbc\LPCdecode.h">
      <Filter>Header Files</Filter>
    </ClInclude>
    <ClInclude Include="..\libs\ilbc\LPCencode.h">
      <Filter>Header Files</Filter>
    </ClInclude>
    <ClInclude Include="..\libs\ilbc\lsf.h">
      <Filter>Header Files</Filter>
    </ClInclude>
    <ClInclude Include="..\libs\ilbc\packing.h">
      <Filter>Header Files</Filter>
    </ClInclude>
    <ClInclude Include="..\libs\ilbc\StateConstructW.h">
      <Filter>Header Files</Filter>
    </ClInclude>
    <ClInclude Include="..\libs\ilbc\StateSearchW.h">
      <Filter>Header Files</Filter>
    </ClInclude>
    <ClInclude Include="..\libs\ilbc\syntFilter.h">
      <Filter>Header Files</Filter>
    </ClInclude>
  </ItemGroup>
</Project>