<?xml version="1.0" encoding="utf-8"?>
<Project ToolsVersion="4.0" xmlns="http://schemas.microsoft.com/developer/msbuild/2003">
  <ItemGroup>
    <Filter Include="Source Files">
      <UniqueIdentifier>{80b16d73-7af6-4a36-9d04-e4c96d3768ca}</UniqueIdentifier>
      <Extensions>cpp;c;cxx;rc;def;r;odl;idl;hpj;bat</Extensions>
    </Filter>
    <Filter Include="Header Files">
      <UniqueIdentifier>{5b012645-bb25-44f9-b1bb-a0f131d21c36}</UniqueIdentifier>
      <Extensions>h;hpp;hxx;hm;inl</Extensions>
    </Filter>
    <Filter Include="Resource Files">
      <UniqueIdentifier>{c915eb8d-708f-4354-bda6-0e33734dacff}</UniqueIdentifier>
      <Extensions>ico;cur;bmp;dlg;rc;rc2;rct;bin;rgs;gif;jpg;jpeg;jpe</Extensions>
    </Filter>
  </ItemGroup>
  <ItemGroup>
    <ClCompile Include="..\libs\ysig\address.cpp">
      <Filter>Source Files</Filter>
    </ClCompile>
    <ClCompile Include="..\libs\ysig\dumper.cpp">
      <Filter>Source Files</Filter>
    </ClCompile>
    <ClCompile Include="..\libs\ysig\engine.cpp">
      <Filter>Source Files</Filter>
    </ClCompile>
    <ClCompile Include="..\libs\ysig\interface.cpp">
      <Filter>Source Files</Filter>
    </ClCompile>
    <ClCompile Include="..\libs\ysig\isup.cpp">
      <Filter>Source Files</Filter>
    </ClCompile>
    <ClCompile Include="..\libs\ysig\layer2.cpp">
      <Filter>Source Files</Filter>
    </ClCompile>
    <ClCompile Include="..\libs\ysig\layer3.cpp">
      <Filter>Source Files</Filter>
    </ClCompile>
    <ClCompile Include="..\libs\ysig\layer4.cpp">
      <Filter>Source Files</Filter>
    </ClCompile>
    <ClCompile Include="..\libs\ysig\management.cpp">
      <Filter>Source Files</Filter>
    </ClCompile>
    <ClCompile Include="..\libs\ysig\q921.cpp">
      <Filter>Source Files</Filter>
    </ClCompile>
    <ClCompile Include="..\libs\ysig\q931.cpp">
      <Filter>Source Files</Filter>
    </ClCompile>
    <ClCompile Include="..\libs\ysig\router.cpp">
      <Filter>Source Files</Filter>
    </ClCompile>
    <ClCompile Include="..\libs\ysig\sccp.cpp">
      <Filter>Source Files</Filter>
    </ClCompile>
    <ClCompile Include="..\libs\ysig\sigcall.cpp">
      <Filter>Source Files</Filter>
    </ClCompile>
    <ClCompile Include="..\libs\ysig\sigtran.cpp">
      <Filter>Source Files</Filter>
    </ClCompile>
    <ClCompile Include="..\libs\ysig\tcap.cpp">
      <Filter>Source Files</Filter>
    </ClCompile>
    <ClCompile Include="..\libs\ysig\testpart.cpp">
      <Filter>Source Files</Filter>
    </ClCompile>
    <ClCompile Include="..\libs\ysig\tup.cpp">
      <Filter>Source Files</Filter>
    </ClCompile>
  </ItemGroup>
  <ItemGroup>
    <ClInclude Include="..\libs\ysig\yatesig.h">
      <Filter>Header Files</Filter>
    </ClInclude>
  </ItemGroup>
  <ItemGroup>
    <ResourceCompile Include="version.rc">
      <Filter>Resource Files</Filter>
    </ResourceCompile>
  </ItemGroup>
</Project>