<?xml version="1.0" encoding="utf-8"?>
<Project ToolsVersion="4.0" xmlns="http://schemas.microsoft.com/developer/msbuild/2003">
  <ItemGroup>
    <ClCompile Include="..\Aux_yate_hal.cpp" />
    <ClCompile Include="..\engine\Array.cpp">
      <Filter>engine</Filter>
    </ClCompile>
    <ClCompile Include="..\engine\Base64.cpp">
      <Filter>engine</Filter>
    </ClCompile>
    <ClCompile Include="..\engine\Channel.cpp">
      <Filter>engine</Filter>
    </ClCompile>
    <ClCompile Include="..\engine\Cipher.cpp">
      <Filter>engine</Filter>
    </ClCompile>
    <ClCompile Include="..\engine\Client.cpp">
      <Filter>engine</Filter>
    </ClCompile>
    <ClCompile Include="..\engine\ClientLogic.cpp">
      <Filter>engine</Filter>
    </ClCompile>
    <ClCompile Include="..\engine\Compressor.cpp">
      <Filter>engine</Filter>
    </ClCompile>
    <ClCompile Include="..\engine\Configuration.cpp">
      <Filter>engine</Filter>
    </ClCompile>
    <ClCompile Include="..\engine\DataBlock.cpp">
      <Filter>engine</Filter>
    </ClCompile>
    <ClCompile Include="..\engine\DataFormat.cpp">
      <Filter>engine</Filter>
    </ClCompile>
    <ClCompile Include="..\engine\Engine.cpp">
      <Filter>engine</Filter>
    </ClCompile>
    <ClCompile Include="..\engine\Hasher.cpp">
      <Filter>engine</Filter>
    </ClCompile>
    <ClCompile Include="..\engine\HashList.cpp">
      <Filter>engine</Filter>
    </ClCompile>
    <ClCompile Include="..\engine\Iterator.cpp">
      <Filter>engine</Filter>
    </ClCompile>
    <ClCompile Include="..\engine\Message.cpp">
      <Filter>engine</Filter>
    </ClCompile>
    <ClCompile Include="..\engine\Mime.cpp">
      <Filter>engine</Filter>
    </ClCompile>
    <ClCompile Include="..\engine\Mutex.cpp">
      <Filter>engine</Filter>
    </ClCompile>
    <ClCompile Include="..\engine\NamedList.cpp">
      <Filter>engine</Filter>
    </ClCompile>
    <ClCompile Include="..\engine\ObjList.cpp">
      <Filter>engine</Filter>
    </ClCompile>
    <ClCompile Include="..\engine\Plugin.cpp">
      <Filter>engine</Filter>
    </ClCompile>
    <ClCompile Include="..\engine\regex\regex.c">
      <Filter>engine</Filter>
    </ClCompile>
    <ClCompile Include="..\engine\Resolver.cpp">
      <Filter>engine</Filter>
    </ClCompile>
    <ClCompile Include="..\engine\Socket.cpp">
      <Filter>engine</Filter>
    </ClCompile>
    <ClCompile Include="..\engine\String.cpp">
      <Filter>engine</Filter>
    </ClCompile>
    <ClCompile Include="..\engine\TelEngine.cpp">
      <Filter>engine</Filter>
    </ClCompile>
    <ClCompile Include="..\engine\Thread.cpp">
      <Filter>engine</Filter>
    </ClCompile>
    <ClCompile Include="..\engine\URI.cpp">
      <Filter>engine</Filter>
    </ClCompile>
    <ClCompile Include="..\engine\YMD5.cpp">
      <Filter>engine</Filter>
    </ClCompile>
    <ClCompile Include="..\engine\YSHA1.cpp">
      <Filter>engine</Filter>
    </ClCompile>
    <ClCompile Include="..\engine\YSHA256.cpp">
      <Filter>engine</Filter>
    </ClCompile>
    <ClCompile Include="..\engine\XML.cpp">
      <Filter>engine</Filter>
    </ClCompile>
    <ClCompile Include="..\3rlibs\DebugNew.cpp">
      <Filter>debug</Filter>
    </ClCompile>
  </ItemGroup>
  <ItemGroup>
    <ClInclude Include="..\Aux_cmd_define.h" />
    <ClInclude Include="..\Aux_type.h" />
    <ClInclude Include="..\Aux_yate_hal.h" />
    <ClInclude Include="..\yatecbase.h" />
    <ClInclude Include="..\yateclass.h" />
    <ClInclude Include="..\yatemime.h" />
    <ClInclude Include="..\yatengine.h" />
    <ClInclude Include="..\yatephone.h" />
    <ClInclude Include="..\yatewin32.h" />
    <ClInclude Include="..\engine\regex\regex.h">
      <Filter>engine</Filter>
    </ClInclude>
    <ClInclude Include="..\yatemath.h" />
    <ClInclude Include="..\yatepaths.h" />
    <ClInclude Include="..\yateversn.h" />
    <ClInclude Include="..\yatewiresniff.h" />
    <ClInclude Include="..\yatexml.h" />
    <ClInclude Include="..\Aux_yate_log.h" />
    <ClInclude Include="..\3rlibs\DebugNew.h">
      <Filter>debug</Filter>
    </ClInclude>
  </ItemGroup>
  <ItemGroup>
    <ResourceCompile Include="version.rc" />
  </ItemGroup>
  <ItemGroup>
    <Filter Include="engine">
      <UniqueIdentifier>{c0fe61d3-97fc-43d2-a670-56ce9c341879}</UniqueIdentifier>
    </Filter>
    <Filter Include="debug">
      <UniqueIdentifier>{721f6cf3-568d-4ca1-85d0-8b8e520b15c2}</UniqueIdentifier>
    </Filter>
  </ItemGroup>
</Project>